
Microsoft Visual Studio Solution File, Format Version 12.00
# Visual Studio Version 17
VisualStudioVersion = 17.11.35312.102
MinimumVisualStudioVersion = 10.0.40219.1
Project("{9A19103F-16F7-4668-BE54-9A1E7A4F7556}") = "Core", "Core\Core.csproj", "{5B649EFA-E362-4441-AD6B-DD13898CA84C}"
EndProject
Project("{9A19103F-16F7-4668-BE54-9A1E7A4F7556}") = "Infrastructure.Persistence", "Infrastructure.Persistence\Infrastructure.Persistence.csproj", "{EB8EA4DF-C0C9-4A65-8890-D8645CE3C31A}"
EndProject
Project("{9A19103F-16F7-4668-BE54-9A1E7A4F7556}") = "API", "API\API.csproj", "{3748CFD8-DC2D-4452-A038-7B1F25DC8D79}"
EndProject
Project("{FAE04EC0-301F-11D3-BF4B-00C04F79EFBC}") = "Infrastructure.Email", "Infrastructure.Email\Infrastructure.Email.csproj", "{68ABAB17-C726-4191-8B76-3C19E03BCEF7}"
EndProject
Project("{FAE04EC0-301F-11D3-BF4B-00C04F79EFBC}") = "Infrastructure.FileService", "Infrastructure.FileService\Infrastructure.FileService.csproj", "{0E9F75E8-BF50-4B0B-B467-68B7A8112FC7}"
EndProject
Global
	GlobalSection(SolutionConfigurationPlatforms) = preSolution
		Debug|Any CPU = Debug|Any CPU
		Release|Any CPU = Release|Any CPU
	EndGlobalSection
	GlobalSection(ProjectConfigurationPlatforms) = postSolution
		{5B649EFA-E362-4441-AD6B-DD13898CA84C}.Debug|Any CPU.ActiveCfg = Debug|Any CPU
		{5B649EFA-E362-4441-AD6B-DD13898CA84C}.Debug|Any CPU.Build.0 = Debug|Any CPU
		{5B649EFA-E362-4441-AD6B-DD13898CA84C}.Release|Any CPU.ActiveCfg = Release|Any CPU
		{5B649EFA-E362-4441-AD6B-DD13898CA84C}.Release|Any CPU.Build.0 = Release|Any CPU
		{EB8EA4DF-C0C9-4A65-8890-D8645CE3C31A}.Debug|Any CPU.ActiveCfg = Debug|Any CPU
		{EB8EA4DF-C0C9-4A65-8890-D8645CE3C31A}.Debug|Any CPU.Build.0 = Debug|Any CPU
		{EB8EA4DF-C0C9-4A65-8890-D8645CE3C31A}.Release|Any CPU.ActiveCfg = Release|Any CPU
		{EB8EA4DF-C0C9-4A65-8890-D8645CE3C31A}.Release|Any CPU.Build.0 = Release|Any CPU
		{3748CFD8-DC2D-4452-A038-7B1F25DC8D79}.Debug|Any CPU.ActiveCfg = Debug|Any CPU
		{3748CFD8-DC2D-4452-A038-7B1F25DC8D79}.Debug|Any CPU.Build.0 = Debug|Any CPU
		{3748CFD8-DC2D-4452-A038-7B1F25DC8D79}.Release|Any CPU.ActiveCfg = Release|Any CPU
		{3748CFD8-DC2D-4452-A038-7B1F25DC8D79}.Release|Any CPU.Build.0 = Release|Any CPU
		{68ABAB17-C726-4191-8B76-3C19E03BCEF7}.Debug|Any CPU.ActiveCfg = Debug|Any CPU
		{68ABAB17-C726-4191-8B76-3C19E03BCEF7}.Debug|Any CPU.Build.0 = Debug|Any CPU
		{68ABAB17-C726-4191-8B76-3C19E03BCEF7}.Release|Any CPU.ActiveCfg = Release|Any CPU
		{68ABAB17-C726-4191-8B76-3C19E03BCEF7}.Release|Any CPU.Build.0 = Release|Any CPU
		{0E9F75E8-BF50-4B0B-B467-68B7A8112FC7}.Debug|Any CPU.ActiveCfg = Debug|Any CPU
		{0E9F75E8-BF50-4B0B-B467-68B7A8112FC7}.Debug|Any CPU.Build.0 = Debug|Any CPU
		{0E9F75E8-BF50-4B0B-B467-68B7A8112FC7}.Release|Any CPU.ActiveCfg = Release|Any CPU
		{0E9F75E8-BF50-4B0B-B467-68B7A8112FC7}.Release|Any CPU.Build.0 = Release|Any CPU
	EndGlobalSection
	GlobalSection(SolutionProperties) = preSolution
		HideSolutionNode = FALSE
	EndGlobalSection
	GlobalSection(ExtensibilityGlobals) = postSolution
		SolutionGuid = {0AC792AD-E9EC-4230-9CB0-1BED842B2F34}
	EndGlobalSection
EndGlobal
